
Microsoft Visual Studio Solution File, Format Version 12.00
# Visual Studio Version 17
VisualStudioVersion = 17.3.32922.545
MinimumVisualStudioVersion = 10.0.40219.1
Project("{2150E333-8FDC-42A3-9474-1A3956D46DE8}") = "sources", "sources", "{88150F17-BF56-4E31-BE11-F161DB4803E0}"
EndProject
Project("{2150E333-8FDC-42A3-9474-1A3956D46DE8}") = "tests", "tests", "{127E032A-B5EA-4FE1-86CF-FD584B9F900E}"
EndProject
Project("{9A19103F-16F7-4668-BE54-9A1E7A4F7556}") = "IMS.WebApp", "sources\IMS.WebApp\IMS.WebApp.csproj", "{55B0D6E7-7B5E-4835-AD45-AC291A6B3DE6}"
EndProject
Project("{9A19103F-16F7-4668-BE54-9A1E7A4F7556}") = "IMS.UseCases", "sources\IMS.UseCases\IMS.UseCases.csproj", "{F0283ADC-8F07-4DFC-8B97-E2B1295008F0}"
EndProject
Project("{9A19103F-16F7-4668-BE54-9A1E7A4F7556}") = "IMS.Domain", "sources\IMS.Domain\IMS.Domain.csproj", "{B9EFC855-0F23-4D2E-9BC3-D4549BA23D1E}"
EndProject
Project("{9A19103F-16F7-4668-BE54-9A1E7A4F7556}") = "IMS.Plugins.EFCore", "sources\IMS.Plugins.EFCore\IMS.Plugins.EFCore.csproj", "{447E6695-D4DC-4D7E-A1CD-13564170AEB7}"
EndProject
Project("{9A19103F-16F7-4668-BE54-9A1E7A4F7556}") = "IMS.UseCases.Tests", "tests\IMS.UseCases.Tests\IMS.UseCases.Tests.csproj", "{D402751F-2806-4003-B5B7-A993399CCC07}"
EndProject
Project("{9A19103F-16F7-4668-BE54-9A1E7A4F7556}") = "IMS.Plugins.EFCore.Tests", "tests\IMS.Plugins.EFCore.Tests\IMS.Plugins.EFCore.Tests.csproj", "{358F74D9-BB08-4FE7-9DCA-FD5079CEEC83}"
EndProject
Project("{9A19103F-16F7-4668-BE54-9A1E7A4F7556}") = "IMS.TestFixture", "tests\IMS.TestFixture\IMS.TestFixture.csproj", "{C571EB0B-B792-4022-BFDB-93017E838C6E}"
EndProject
Global
	GlobalSection(SolutionConfigurationPlatforms) = preSolution
		Debug|Any CPU = Debug|Any CPU
		Release|Any CPU = Release|Any CPU
	EndGlobalSection
	GlobalSection(ProjectConfigurationPlatforms) = postSolution
		{55B0D6E7-7B5E-4835-AD45-AC291A6B3DE6}.Debug|Any CPU.ActiveCfg = Debug|Any CPU
		{55B0D6E7-7B5E-4835-AD45-AC291A6B3DE6}.Debug|Any CPU.Build.0 = Debug|Any CPU
		{55B0D6E7-7B5E-4835-AD45-AC291A6B3DE6}.Release|Any CPU.ActiveCfg = Release|Any CPU
		{55B0D6E7-7B5E-4835-AD45-AC291A6B3DE6}.Release|Any CPU.Build.0 = Release|Any CPU
		{F0283ADC-8F07-4DFC-8B97-E2B1295008F0}.Debug|Any CPU.ActiveCfg = Debug|Any CPU
		{F0283ADC-8F07-4DFC-8B97-E2B1295008F0}.Debug|Any CPU.Build.0 = Debug|Any CPU
		{F0283ADC-8F07-4DFC-8B97-E2B1295008F0}.Release|Any CPU.ActiveCfg = Release|Any CPU
		{F0283ADC-8F07-4DFC-8B97-E2B1295008F0}.Release|Any CPU.Build.0 = Release|Any CPU
		{B9EFC855-0F23-4D2E-9BC3-D4549BA23D1E}.Debug|Any CPU.ActiveCfg = Debug|Any CPU
		{B9EFC855-0F23-4D2E-9BC3-D4549BA23D1E}.Debug|Any CPU.Build.0 = Debug|Any CPU
		{B9EFC855-0F23-4D2E-9BC3-D4549BA23D1E}.Release|Any CPU.ActiveCfg = Release|Any CPU
		{B9EFC855-0F23-4D2E-9BC3-D4549BA23D1E}.Release|Any CPU.Build.0 = Release|Any CPU
		{447E6695-D4DC-4D7E-A1CD-13564170AEB7}.Debug|Any CPU.ActiveCfg = Debug|Any CPU
		{447E6695-D4DC-4D7E-A1CD-13564170AEB7}.Debug|Any CPU.Build.0 = Debug|Any CPU
		{447E6695-D4DC-4D7E-A1CD-13564170AEB7}.Release|Any CPU.ActiveCfg = Release|Any CPU
		{447E6695-D4DC-4D7E-A1CD-13564170AEB7}.Release|Any CPU.Build.0 = Release|Any CPU
		{D402751F-2806-4003-B5B7-A993399CCC07}.Debug|Any CPU.ActiveCfg = Debug|Any CPU
		{D402751F-2806-4003-B5B7-A993399CCC07}.Debug|Any CPU.Build.0 = Debug|Any CPU
		{D402751F-2806-4003-B5B7-A993399CCC07}.Release|Any CPU.ActiveCfg = Release|Any CPU
		{D402751F-2806-4003-B5B7-A993399CCC07}.Release|Any CPU.Build.0 = Release|Any CPU
		{358F74D9-BB08-4FE7-9DCA-FD5079CEEC83}.Debug|Any CPU.ActiveCfg = Debug|Any CPU
		{358F74D9-BB08-4FE7-9DCA-FD5079CEEC83}.Debug|Any CPU.Build.0 = Debug|Any CPU
		{358F74D9-BB08-4FE7-9DCA-FD5079CEEC83}.Release|Any CPU.ActiveCfg = Release|Any CPU
		{358F74D9-BB08-4FE7-9DCA-FD5079CEEC83}.Release|Any CPU.Build.0 = Release|Any CPU
		{C571EB0B-B792-4022-BFDB-93017E838C6E}.Debug|Any CPU.ActiveCfg = Debug|Any CPU
		{C571EB0B-B792-4022-BFDB-93017E838C6E}.Debug|Any CPU.Build.0 = Debug|Any CPU
		{C571EB0B-B792-4022-BFDB-93017E838C6E}.Release|Any CPU.ActiveCfg = Release|Any CPU
		{C571EB0B-B792-4022-BFDB-93017E838C6E}.Release|Any CPU.Build.0 = Release|Any CPU
	EndGlobalSection
	GlobalSection(SolutionProperties) = preSolution
		HideSolutionNode = FALSE
	EndGlobalSection
	GlobalSection(NestedProjects) = preSolution
		{55B0D6E7-7B5E-4835-AD45-AC291A6B3DE6} = {88150F17-BF56-4E31-BE11-F161DB4803E0}
		{F0283ADC-8F07-4DFC-8B97-E2B1295008F0} = {88150F17-BF56-4E31-BE11-F161DB4803E0}
		{B9EFC855-0F23-4D2E-9BC3-D4549BA23D1E} = {88150F17-BF56-4E31-BE11-F161DB4803E0}
		{447E6695-D4DC-4D7E-A1CD-13564170AEB7} = {88150F17-BF56-4E31-BE11-F161DB4803E0}
		{D402751F-2806-4003-B5B7-A993399CCC07} = {127E032A-B5EA-4FE1-86CF-FD584B9F900E}
		{358F74D9-BB08-4FE7-9DCA-FD5079CEEC83} = {127E032A-B5EA-4FE1-86CF-FD584B9F900E}
		{C571EB0B-B792-4022-BFDB-93017E838C6E} = {127E032A-B5EA-4FE1-86CF-FD584B9F900E}
	EndGlobalSection
	GlobalSection(ExtensibilityGlobals) = postSolution
		SolutionGuid = {BEECF362-11EF-44FA-9526-54BC97808576}
	EndGlobalSection
EndGlobal
